
Microsoft Visual Studio Solution File, Format Version 12.00
# Visual Studio Version 17
VisualStudioVersion = 17.7.34221.43
MinimumVisualStudioVersion = 10.0.40219.1
Project("{9A19103F-16F7-4668-BE54-9A1E7A4F7556}") = "ApplicationCore", "ApplicationManager\ApplicationCore.csproj", "{5FCD8365-FD51-48CE-A230-A425F0FEFA5D}"
EndProject
Project("{9A19103F-16F7-4668-BE54-9A1E7A4F7556}") = "ApplicationTemplate", "ApplicationTemplate\ApplicationTemplate.csproj", "{AF77C374-DFE9-44F9-8D0B-8D390EB0617D}"
EndProject
Global
	GlobalSection(SolutionConfigurationPlatforms) = preSolution
		Debug|Any CPU = Debug|Any CPU
		Release|Any CPU = Release|Any CPU
	EndGlobalSection
	GlobalSection(ProjectConfigurationPlatforms) = postSolution
		{5FCD8365-FD51-48CE-A230-A425F0FEFA5D}.Debug|Any CPU.ActiveCfg = Debug|Any CPU
		{5FCD8365-FD51-48CE-A230-A425F0FEFA5D}.Debug|Any CPU.Build.0 = Debug|Any CPU
		{5FCD8365-FD51-48CE-A230-A425F0FEFA5D}.Release|Any CPU.ActiveCfg = Release|Any CPU
		{5FCD8365-FD51-48CE-A230-A425F0FEFA5D}.Release|Any CPU.Build.0 = Release|Any CPU
		{AF77C374-DFE9-44F9-8D0B-8D390EB0617D}.Debug|Any CPU.ActiveCfg = Debug|Any CPU
		{AF77C374-DFE9-44F9-8D0B-8D390EB0617D}.Debug|Any CPU.Build.0 = Debug|Any CPU
		{AF77C374-DFE9-44F9-8D0B-8D390EB0617D}.Release|Any CPU.ActiveCfg = Release|Any CPU
		{AF77C374-DFE9-44F9-8D0B-8D390EB0617D}.Release|Any CPU.Build.0 = Release|Any CPU
	EndGlobalSection
	GlobalSection(SolutionProperties) = preSolution
		HideSolutionNode = FALSE
	EndGlobalSection
	GlobalSection(ExtensibilityGlobals) = postSolution
		SolutionGuid = {4CFB736B-3171-4776-8BAA-5F4DF421394A}
	EndGlobalSection
EndGlobal
